
Microsoft Visual Studio Solution File, Format Version 12.00
# Visual Studio Version 17
VisualStudioVersion = 17.14.36203.30 d17.14
MinimumVisualStudioVersion = 10.0.40219.1
Project("{FAE04EC0-301F-11D3-BF4B-00C04F79EFBC}") = "Dandilion", "Dandilion.csproj", "{2C7D218D-F311-4708-9EA2-30D7E29330CC}"
EndProject
Global
	GlobalSection(SolutionConfigurationPlatforms) = preSolution
		Debug|Any CPU = Debug|Any CPU
		Release|Any CPU = Release|Any CPU
	EndGlobalSection
	GlobalSection(ProjectConfigurationPlatforms) = postSolution
		{2C7D218D-F311-4708-9EA2-30D7E29330CC}.Debug|Any CPU.ActiveCfg = Debug|Any CPU
		{2C7D218D-F311-4708-9EA2-30D7E29330CC}.Debug|Any CPU.Build.0 = Debug|Any CPU
		{2C7D218D-F311-4708-9EA2-30D7E29330CC}.Release|Any CPU.ActiveCfg = Release|Any CPU
		{2C7D218D-F311-4708-9EA2-30D7E29330CC}.Release|Any CPU.Build.0 = Release|Any CPU
	EndGlobalSection
	GlobalSection(SolutionProperties) = preSolution
		HideSolutionNode = FALSE
	EndGlobalSection
	GlobalSection(ExtensibilityGlobals) = postSolution
		SolutionGuid = {EEF77150-6EBD-4F96-ACE4-96EF5ACC945E}
	EndGlobalSection
EndGlobal
